// !$*UTF8*$!
{
	archiveVersion = 1;
	classes = {
	};
	objectVersion = 56;
	objects = {

/* Begin PBXBuildFile section */
		020919832CB7D8EE0076A6C1 /* ForecastResponse.swift in Sources */ = {isa = PBXBuildFile; fileRef = 0209196B2CB7D8EE0076A6C1 /* ForecastResponse.swift */; };
		020919842CB7D8EE0076A6C1 /* LocationResponse.swift in Sources */ = {isa = PBXBuildFile; fileRef = 0209196C2CB7D8EE0076A6C1 /* LocationResponse.swift */; };
		020919852CB7D8EE0076A6C1 /* SettingsResponse.swift in Sources */ = {isa = PBXBuildFile; fileRef = 0209196D2CB7D8EE0076A6C1 /* SettingsResponse.swift */; };
		020919862CB7D8EE0076A6C1 /* ContentView.swift in Sources */ = {isa = PBXBuildFile; fileRef = 020919712CB7D8EE0076A6C1 /* ContentView.swift */; };
		020919872CB7D8EE0076A6C1 /* ForecastView.swift in Sources */ = {isa = PBXBuildFile; fileRef = 020919722CB7D8EE0076A6C1 /* ForecastView.swift */; };
		020919882CB7D8EE0076A6C1 /* SettingsView.swift in Sources */ = {isa = PBXBuildFile; fileRef = 020919732CB7D8EE0076A6C1 /* SettingsView.swift */; };
		020919892CB7D8EE0076A6C1 /* ColorTheme.swift in Sources */ = {isa = PBXBuildFile; fileRef = 020919772CB7D8EE0076A6C1 /* ColorTheme.swift */; };
		0209198A2CB7D8EE0076A6C1 /* DebugLog.swift in Sources */ = {isa = PBXBuildFile; fileRef = 020919782CB7D8EE0076A6C1 /* DebugLog.swift */; };
		0209198B2CB7D8EE0076A6C1 /* Extensions.swift in Sources */ = {isa = PBXBuildFile; fileRef = 020919792CB7D8EE0076A6C1 /* Extensions.swift */; };
		0209198C2CB7D8EE0076A6C1 /* Fetcher.swift in Sources */ = {isa = PBXBuildFile; fileRef = 0209197A2CB7D8EE0076A6C1 /* Fetcher.swift */; };
		0209198D2CB7D8EE0076A6C1 /* Files.swift in Sources */ = {isa = PBXBuildFile; fileRef = 0209197B2CB7D8EE0076A6C1 /* Files.swift */; };
		0209198E2CB7D8EE0076A6C1 /* LocationViewModel.swift in Sources */ = {isa = PBXBuildFile; fileRef = 0209197F2CB7D8EE0076A6C1 /* LocationViewModel.swift */; };
		0209198F2CB7D8EE0076A6C1 /* RizzApp.swift in Sources */ = {isa = PBXBuildFile; fileRef = 020919802CB7D8EE0076A6C1 /* RizzApp.swift */; };
		020919902CB7D8EE0076A6C1 /* ViewModel.swift in Sources */ = {isa = PBXBuildFile; fileRef = 020919812CB7D8EE0076A6C1 /* ViewModel.swift */; };
		020919912CB7D8EE0076A6C1 /* Preview Assets.xcassets in Resources */ = {isa = PBXBuildFile; fileRef = 0209196F2CB7D8EE0076A6C1 /* Preview Assets.xcassets */; };
		020919922CB7D8EE0076A6C1 /* accessKey.txt in Resources */ = {isa = PBXBuildFile; fileRef = 020919752CB7D8EE0076A6C1 /* accessKey.txt */; };
		020919932CB7D8EE0076A6C1 /* Assets.xcassets in Resources */ = {isa = PBXBuildFile; fileRef = 020919762CB7D8EE0076A6C1 /* Assets.xcassets */; };
		020919942CB7D8EE0076A6C1 /* LaunchScreen.storyboard in Resources */ = {isa = PBXBuildFile; fileRef = 0209197C2CB7D8EE0076A6C1 /* LaunchScreen.storyboard */; };
		020919952CB7D8EE0076A6C1 /* Localizable.strings in Resources */ = {isa = PBXBuildFile; fileRef = 0209197E2CB7D8EE0076A6C1 /* Localizable.strings */; };
		589CC9BFCB32F960485688D8 /* Pods_Rizz.framework in Frameworks */ = {isa = PBXBuildFile; fileRef = AF767D7E52D5694FED11C4BD /* Pods_Rizz.framework */; };
/* End PBXBuildFile section */

/* Begin PBXFileReference section */
		0209196B2CB7D8EE0076A6C1 /* ForecastResponse.swift */ = {isa = PBXFileReference; lastKnownFileType = sourcecode.swift; path = ForecastResponse.swift; sourceTree = "<group>"; };
		0209196C2CB7D8EE0076A6C1 /* LocationResponse.swift */ = {isa = PBXFileReference; lastKnownFileType = sourcecode.swift; path = LocationResponse.swift; sourceTree = "<group>"; };
		0209196D2CB7D8EE0076A6C1 /* SettingsResponse.swift */ = {isa = PBXFileReference; lastKnownFileType = sourcecode.swift; path = SettingsResponse.swift; sourceTree = "<group>"; };
		0209196F2CB7D8EE0076A6C1 /* Preview Assets.xcassets */ = {isa = PBXFileReference; lastKnownFileType = folder.assetcatalog; path = "Preview Assets.xcassets"; sourceTree = "<group>"; };
		020919712CB7D8EE0076A6C1 /* ContentView.swift */ = {isa = PBXFileReference; lastKnownFileType = sourcecode.swift; path = ContentView.swift; sourceTree = "<group>"; };
		020919722CB7D8EE0076A6C1 /* ForecastView.swift */ = {isa = PBXFileReference; lastKnownFileType = sourcecode.swift; path = ForecastView.swift; sourceTree = "<group>"; };
		020919732CB7D8EE0076A6C1 /* SettingsView.swift */ = {isa = PBXFileReference; lastKnownFileType = sourcecode.swift; path = SettingsView.swift; sourceTree = "<group>"; };
		020919752CB7D8EE0076A6C1 /* accessKey.txt */ = {isa = PBXFileReference; lastKnownFileType = text; path = accessKey.txt; sourceTree = "<group>"; };
		020919762CB7D8EE0076A6C1 /* Assets.xcassets */ = {isa = PBXFileReference; lastKnownFileType = folder.assetcatalog; path = Assets.xcassets; sourceTree = "<group>"; };
		020919772CB7D8EE0076A6C1 /* ColorTheme.swift */ = {isa = PBXFileReference; lastKnownFileType = sourcecode.swift; path = ColorTheme.swift; sourceTree = "<group>"; };
		020919782CB7D8EE0076A6C1 /* DebugLog.swift */ = {isa = PBXFileReference; lastKnownFileType = sourcecode.swift; path = DebugLog.swift; sourceTree = "<group>"; };
		020919792CB7D8EE0076A6C1 /* Extensions.swift */ = {isa = PBXFileReference; lastKnownFileType = sourcecode.swift; path = Extensions.swift; sourceTree = "<group>"; };
		0209197A2CB7D8EE0076A6C1 /* Fetcher.swift */ = {isa = PBXFileReference; lastKnownFileType = sourcecode.swift; path = Fetcher.swift; sourceTree = "<group>"; };
		0209197B2CB7D8EE0076A6C1 /* Files.swift */ = {isa = PBXFileReference; lastKnownFileType = sourcecode.swift; path = Files.swift; sourceTree = "<group>"; };
		0209197C2CB7D8EE0076A6C1 /* LaunchScreen.storyboard */ = {isa = PBXFileReference; lastKnownFileType = file.storyboard; path = LaunchScreen.storyboard; sourceTree = "<group>"; };
		0209197D2CB7D8EE0076A6C1 /* de */ = {isa = PBXFileReference; lastKnownFileType = text.plist.strings; name = de; path = de.lproj/Localizable.strings; sourceTree = "<group>"; };
		0209197F2CB7D8EE0076A6C1 /* LocationViewModel.swift */ = {isa = PBXFileReference; lastKnownFileType = sourcecode.swift; path = LocationViewModel.swift; sourceTree = "<group>"; };
		020919802CB7D8EE0076A6C1 /* RizzApp.swift */ = {isa = PBXFileReference; lastKnownFileType = sourcecode.swift; path = RizzApp.swift; sourceTree = "<group>"; };
		020919812CB7D8EE0076A6C1 /* ViewModel.swift */ = {isa = PBXFileReference; lastKnownFileType = sourcecode.swift; path = ViewModel.swift; sourceTree = "<group>"; };
		02A93F712CB6EA90005CACF0 /* Rizz.app */ = {isa = PBXFileReference; explicitFileType = wrapper.application; includeInIndex = 0; path = Rizz.app; sourceTree = BUILT_PRODUCTS_DIR; };
		388C3ACE52ECF5ACB1FC9E4F /* Pods-Rizz.release.xcconfig */ = {isa = PBXFileReference; includeInIndex = 1; lastKnownFileType = text.xcconfig; name = "Pods-Rizz.release.xcconfig"; path = "Target Support Files/Pods-Rizz/Pods-Rizz.release.xcconfig"; sourceTree = "<group>"; };
		5DC6C564B7E759A14BD4E1FC /* Pods-Rizz.debug.xcconfig */ = {isa = PBXFileReference; includeInIndex = 1; lastKnownFileType = text.xcconfig; name = "Pods-Rizz.debug.xcconfig"; path = "Target Support Files/Pods-Rizz/Pods-Rizz.debug.xcconfig"; sourceTree = "<group>"; };
		AF767D7E52D5694FED11C4BD /* Pods_Rizz.framework */ = {isa = PBXFileReference; explicitFileType = wrapper.framework; includeInIndex = 0; path = Pods_Rizz.framework; sourceTree = BUILT_PRODUCTS_DIR; };
/* End PBXFileReference section */

/* Begin PBXFrameworksBuildPhase section */
		02A93F6E2CB6EA90005CACF0 /* Frameworks */ = {
			isa = PBXFrameworksBuildPhase;
			buildActionMask = 2147483647;
			files = (
				589CC9BFCB32F960485688D8 /* Pods_Rizz.framework in Frameworks */,
			);
			runOnlyForDeploymentPostprocessing = 0;
		};
/* End PBXFrameworksBuildPhase section */

/* Begin PBXGroup section */
		0209196E2CB7D8EE0076A6C1 /* Models */ = {
			isa = PBXGroup;
			children = (
				0209196B2CB7D8EE0076A6C1 /* ForecastResponse.swift */,
				0209196C2CB7D8EE0076A6C1 /* LocationResponse.swift */,
				0209196D2CB7D8EE0076A6C1 /* SettingsResponse.swift */,
			);
			path = Models;
			sourceTree = "<group>";
		};
		020919702CB7D8EE0076A6C1 /* Preview Content */ = {
			isa = PBXGroup;
			children = (
				0209196F2CB7D8EE0076A6C1 /* Preview Assets.xcassets */,
			);
			path = "Preview Content";
			sourceTree = "<group>";
		};
		020919742CB7D8EE0076A6C1 /* Views */ = {
			isa = PBXGroup;
			children = (
				020919712CB7D8EE0076A6C1 /* ContentView.swift */,
				020919722CB7D8EE0076A6C1 /* ForecastView.swift */,
				020919732CB7D8EE0076A6C1 /* SettingsView.swift */,
			);
			path = Views;
			sourceTree = "<group>";
		};
		020919822CB7D8EE0076A6C1 /* Rizz */ = {
			isa = PBXGroup;
			children = (
				0209196E2CB7D8EE0076A6C1 /* Models */,
				020919702CB7D8EE0076A6C1 /* Preview Content */,
				020919742CB7D8EE0076A6C1 /* Views */,
				020919752CB7D8EE0076A6C1 /* accessKey.txt */,
				020919762CB7D8EE0076A6C1 /* Assets.xcassets */,
				020919772CB7D8EE0076A6C1 /* ColorTheme.swift */,
				020919782CB7D8EE0076A6C1 /* DebugLog.swift */,
				020919792CB7D8EE0076A6C1 /* Extensions.swift */,
				0209197A2CB7D8EE0076A6C1 /* Fetcher.swift */,
				0209197B2CB7D8EE0076A6C1 /* Files.swift */,
				0209197C2CB7D8EE0076A6C1 /* LaunchScreen.storyboard */,
				0209197E2CB7D8EE0076A6C1 /* Localizable.strings */,
				0209197F2CB7D8EE0076A6C1 /* LocationViewModel.swift */,
				020919802CB7D8EE0076A6C1 /* RizzApp.swift */,
				020919812CB7D8EE0076A6C1 /* ViewModel.swift */,
			);
			path = Rizz;
			sourceTree = "<group>";
		};
		02A93F682CB6EA8F005CACF0 = {
			isa = PBXGroup;
			children = (
				020919822CB7D8EE0076A6C1 /* Rizz */,
				02A93F722CB6EA90005CACF0 /* Products */,
				056E61CDE85C42E2C4F7EAC3 /* Pods */,
				83EE18B1E294824B9C866589 /* Frameworks */,
			);
			sourceTree = "<group>";
		};
		02A93F722CB6EA90005CACF0 /* Products */ = {
			isa = PBXGroup;
			children = (
				02A93F712CB6EA90005CACF0 /* Rizz.app */,
			);
			name = Products;
			sourceTree = "<group>";
		};
		056E61CDE85C42E2C4F7EAC3 /* Pods */ = {
			isa = PBXGroup;
			children = (
				5DC6C564B7E759A14BD4E1FC /* Pods-Rizz.debug.xcconfig */,
				388C3ACE52ECF5ACB1FC9E4F /* Pods-Rizz.release.xcconfig */,
			);
			path = Pods;
			sourceTree = "<group>";
		};
		83EE18B1E294824B9C866589 /* Frameworks */ = {
			isa = PBXGroup;
			children = (
				AF767D7E52D5694FED11C4BD /* Pods_Rizz.framework */,
			);
			name = Frameworks;
			sourceTree = "<group>";
		};
/* End PBXGroup section */

/* Begin PBXNativeTarget section */
		02A93F702CB6EA90005CACF0 /* Rizz */ = {
			isa = PBXNativeTarget;
			buildConfigurationList = 02A93F7F2CB6EA91005CACF0 /* Build configuration list for PBXNativeTarget "Rizz" */;
			buildPhases = (
				F7A1D5BF06A8699FC1D1CEB4 /* [CP] Check Pods Manifest.lock */,
				02A93F6D2CB6EA90005CACF0 /* Sources */,
				02A93F6E2CB6EA90005CACF0 /* Frameworks */,
				02A93F6F2CB6EA90005CACF0 /* Resources */,
				A5A8EC0E28E40A368FA46FFD /* [CP] Embed Pods Frameworks */,
			);
			buildRules = (
			);
			dependencies = (
			);
			name = Rizz;
			productName = Rizz;
			productReference = 02A93F712CB6EA90005CACF0 /* Rizz.app */;
			productType = "com.apple.product-type.application";
		};
/* End PBXNativeTarget section */

/* Begin PBXProject section */
		02A93F692CB6EA8F005CACF0 /* Project object */ = {
			isa = PBXProject;
			attributes = {
				BuildIndependentTargetsInParallel = 1;
				LastSwiftUpdateCheck = 1600;
				LastUpgradeCheck = 1600;
				TargetAttributes = {
					02A93F702CB6EA90005CACF0 = {
						CreatedOnToolsVersion = 16.0;
					};
				};
			};
			buildConfigurationList = 02A93F6C2CB6EA8F005CACF0 /* Build configuration list for PBXProject "Rizz" */;
			compatibilityVersion = "Xcode 14.0";
			developmentRegion = en;
			hasScannedForEncodings = 0;
			knownRegions = (
				en,
				Base,
				de,
			);
			mainGroup = 02A93F682CB6EA8F005CACF0;
			productRefGroup = 02A93F722CB6EA90005CACF0 /* Products */;
			projectDirPath = "";
			projectRoot = "";
			targets = (
				02A93F702CB6EA90005CACF0 /* Rizz */,
			);
		};
/* End PBXProject section */

/* Begin PBXResourcesBuildPhase section */
		02A93F6F2CB6EA90005CACF0 /* Resources */ = {
			isa = PBXResourcesBuildPhase;
			buildActionMask = 2147483647;
			files = (
				020919912CB7D8EE0076A6C1 /* Preview Assets.xcassets in Resources */,
				020919922CB7D8EE0076A6C1 /* accessKey.txt in Resources */,
				020919932CB7D8EE0076A6C1 /* Assets.xcassets in Resources */,
				020919942CB7D8EE0076A6C1 /* LaunchScreen.storyboard in Resources */,
				020919952CB7D8EE0076A6C1 /* Localizable.strings in Resources */,
			);
			runOnlyForDeploymentPostprocessing = 0;
		};
/* End PBXResourcesBuildPhase section */

/* Begin PBXShellScriptBuildPhase section */
		A5A8EC0E28E40A368FA46FFD /* [CP] Embed Pods Frameworks */ = {
			isa = PBXShellScriptBuildPhase;
			buildActionMask = 2147483647;
			files = (
			);
			inputFileListPaths = (
				"${PODS_ROOT}/Target Support Files/Pods-Rizz/Pods-Rizz-frameworks-${CONFIGURATION}-input-files.xcfilelist",
			);
			name = "[CP] Embed Pods Frameworks";
			outputFileListPaths = (
				"${PODS_ROOT}/Target Support Files/Pods-Rizz/Pods-Rizz-frameworks-${CONFIGURATION}-output-files.xcfilelist",
			);
			runOnlyForDeploymentPostprocessing = 0;
			shellPath = /bin/sh;
			shellScript = "\"${PODS_ROOT}/Target Support Files/Pods-Rizz/Pods-Rizz-frameworks.sh\"\n";
			showEnvVarsInLog = 0;
		};
		F7A1D5BF06A8699FC1D1CEB4 /* [CP] Check Pods Manifest.lock */ = {
			isa = PBXShellScriptBuildPhase;
			buildActionMask = 2147483647;
			files = (
			);
			inputFileListPaths = (
			);
			inputPaths = (
				"${PODS_PODFILE_DIR_PATH}/Podfile.lock",
				"${PODS_ROOT}/Manifest.lock",
			);
			name = "[CP] Check Pods Manifest.lock";
			outputFileListPaths = (
			);
			outputPaths = (
				"$(DERIVED_FILE_DIR)/Pods-Rizz-checkManifestLockResult.txt",
			);
			runOnlyForDeploymentPostprocessing = 0;
			shellPath = /bin/sh;
			shellScript = "diff \"${PODS_PODFILE_DIR_PATH}/Podfile.lock\" \"${PODS_ROOT}/Manifest.lock\" > /dev/null\nif [ $? != 0 ] ; then\n    # print error to STDERR\n    echo \"error: The sandbox is not in sync with the Podfile.lock. Run 'pod install' or update your CocoaPods installation.\" >&2\n    exit 1\nfi\n# This output is used by Xcode 'outputs' to avoid re-running this script phase.\necho \"SUCCESS\" > \"${SCRIPT_OUTPUT_FILE_0}\"\n";
			showEnvVarsInLog = 0;
		};
/* End PBXShellScriptBuildPhase section */

/* Begin PBXSourcesBuildPhase section */
		02A93F6D2CB6EA90005CACF0 /* Sources */ = {
			isa = PBXSourcesBuildPhase;
			buildActionMask = 2147483647;
			files = (
				020919832CB7D8EE0076A6C1 /* ForecastResponse.swift in Sources */,
				020919842CB7D8EE0076A6C1 /* LocationResponse.swift in Sources */,
				020919852CB7D8EE0076A6C1 /* SettingsResponse.swift in Sources */,
				020919862CB7D8EE0076A6C1 /* ContentView.swift in Sources */,
				020919872CB7D8EE0076A6C1 /* ForecastView.swift in Sources */,
				020919882CB7D8EE0076A6C1 /* SettingsView.swift in Sources */,
				020919892CB7D8EE0076A6C1 /* ColorTheme.swift in Sources */,
				0209198A2CB7D8EE0076A6C1 /* DebugLog.swift in Sources */,
				0209198B2CB7D8EE0076A6C1 /* Extensions.swift in Sources */,
				0209198C2CB7D8EE0076A6C1 /* Fetcher.swift in Sources */,
				0209198D2CB7D8EE0076A6C1 /* Files.swift in Sources */,
				0209198E2CB7D8EE0076A6C1 /* LocationViewModel.swift in Sources */,
				0209198F2CB7D8EE0076A6C1 /* RizzApp.swift in Sources */,
				020919902CB7D8EE0076A6C1 /* ViewModel.swift in Sources */,
			);
			runOnlyForDeploymentPostprocessing = 0;
		};
/* End PBXSourcesBuildPhase section */

/* Begin PBXVariantGroup section */
		0209197E2CB7D8EE0076A6C1 /* Localizable.strings */ = {
			isa = PBXVariantGroup;
			children = (
				0209197D2CB7D8EE0076A6C1 /* de */,
			);
			name = Localizable.strings;
			sourceTree = "<group>";
		};
/* End PBXVariantGroup section */

/* Begin XCBuildConfiguration section */
		02A93F7D2CB6EA91005CACF0 /* Debug */ = {
			isa = XCBuildConfiguration;
			buildSettings = {
				ALWAYS_SEARCH_USER_PATHS = NO;
				ASSETCATALOG_COMPILER_GENERATE_SWIFT_ASSET_SYMBOL_EXTENSIONS = YES;
				CLANG_ANALYZER_NONNULL = YES;
				CLANG_ANALYZER_NUMBER_OBJECT_CONVERSION = YES_AGGRESSIVE;
				CLANG_CXX_LANGUAGE_STANDARD = "gnu++20";
				CLANG_ENABLE_MODULES = YES;
				CLANG_ENABLE_OBJC_ARC = YES;
				CLANG_ENABLE_OBJC_WEAK = YES;
				CLANG_WARN_BLOCK_CAPTURE_AUTORELEASING = YES;
				CLANG_WARN_BOOL_CONVERSION = YES;
				CLANG_WARN_COMMA = YES;
				CLANG_WARN_CONSTANT_CONVERSION = YES;
				CLANG_WARN_DEPRECATED_OBJC_IMPLEMENTATIONS = YES;
				CLANG_WARN_DIRECT_OBJC_ISA_USAGE = YES_ERROR;
				CLANG_WARN_DOCUMENTATION_COMMENTS = YES;
				CLANG_WARN_EMPTY_BODY = YES;
				CLANG_WARN_ENUM_CONVERSION = YES;
				CLANG_WARN_INFINITE_RECURSION = YES;
				CLANG_WARN_INT_CONVERSION = YES;
				CLANG_WARN_NON_LITERAL_NULL_CONVERSION = YES;
				CLANG_WARN_OBJC_IMPLICIT_RETAIN_SELF = YES;
				CLANG_WARN_OBJC_LITERAL_CONVERSION = YES;
				CLANG_WARN_OBJC_ROOT_CLASS = YES_ERROR;
				CLANG_WARN_QUOTED_INCLUDE_IN_FRAMEWORK_HEADER = YES;
				CLANG_WARN_RANGE_LOOP_ANALYSIS = YES;
				CLANG_WARN_STRICT_PROTOTYPES = YES;
				CLANG_WARN_SUSPICIOUS_MOVE = YES;
				CLANG_WARN_UNGUARDED_AVAILABILITY = YES_AGGRESSIVE;
				CLANG_WARN_UNREACHABLE_CODE = YES;
				CLANG_WARN__DUPLICATE_METHOD_MATCH = YES;
				COPY_PHASE_STRIP = NO;
				DEBUG_INFORMATION_FORMAT = dwarf;
				ENABLE_STRICT_OBJC_MSGSEND = YES;
				ENABLE_TESTABILITY = YES;
				ENABLE_USER_SCRIPT_SANDBOXING = NO;
				GCC_C_LANGUAGE_STANDARD = gnu17;
				GCC_DYNAMIC_NO_PIC = NO;
				GCC_NO_COMMON_BLOCKS = YES;
				GCC_OPTIMIZATION_LEVEL = 0;
				GCC_PREPROCESSOR_DEFINITIONS = (
					"DEBUG=1",
					"$(inherited)",
				);
				GCC_WARN_64_TO_32_BIT_CONVERSION = YES;
				GCC_WARN_ABOUT_RETURN_TYPE = YES_ERROR;
				GCC_WARN_UNDECLARED_SELECTOR = YES;
				GCC_WARN_UNINITIALIZED_AUTOS = YES_AGGRESSIVE;
				GCC_WARN_UNUSED_FUNCTION = YES;
				GCC_WARN_UNUSED_VARIABLE = YES;
				IPHONEOS_DEPLOYMENT_TARGET = 18.0;
				LOCALIZATION_PREFERS_STRING_CATALOGS = YES;
				MTL_ENABLE_DEBUG_INFO = INCLUDE_SOURCE;
				MTL_FAST_MATH = YES;
				ONLY_ACTIVE_ARCH = YES;
				SDKROOT = iphoneos;
				SWIFT_ACTIVE_COMPILATION_CONDITIONS = "DEBUG $(inherited)";
				SWIFT_OPTIMIZATION_LEVEL = "-Onone";
			};
			name = Debug;
		};
		02A93F7E2CB6EA91005CACF0 /* Release */ = {
			isa = XCBuildConfiguration;
			buildSettings = {
				ALWAYS_SEARCH_USER_PATHS = NO;
				ASSETCATALOG_COMPILER_GENERATE_SWIFT_ASSET_SYMBOL_EXTENSIONS = YES;
				CLANG_ANALYZER_NONNULL = YES;
				CLANG_ANALYZER_NUMBER_OBJECT_CONVERSION = YES_AGGRESSIVE;
				CLANG_CXX_LANGUAGE_STANDARD = "gnu++20";
				CLANG_ENABLE_MODULES = YES;
				CLANG_ENABLE_OBJC_ARC = YES;
				CLANG_ENABLE_OBJC_WEAK = YES;
				CLANG_WARN_BLOCK_CAPTURE_AUTORELEASING = YES;
				CLANG_WARN_BOOL_CONVERSION = YES;
				CLANG_WARN_COMMA = YES;
				CLANG_WARN_CONSTANT_CONVERSION = YES;
				CLANG_WARN_DEPRECATED_OBJC_IMPLEMENTATIONS = YES;
				CLANG_WARN_DIRECT_OBJC_ISA_USAGE = YES_ERROR;
				CLANG_WARN_DOCUMENTATION_COMMENTS = YES;
				CLANG_WARN_EMPTY_BODY = YES;
				CLANG_WARN_ENUM_CONVERSION = YES;
				CLANG_WARN_INFINITE_RECURSION = YES;
				CLANG_WARN_INT_CONVERSION = YES;
				CLANG_WARN_NON_LITERAL_NULL_CONVERSION = YES;
				CLANG_WARN_OBJC_IMPLICIT_RETAIN_SELF = YES;
				CLANG_WARN_OBJC_LITERAL_CONVERSION = YES;
				CLANG_WARN_OBJC_ROOT_CLASS = YES_ERROR;
				CLANG_WARN_QUOTED_INCLUDE_IN_FRAMEWORK_HEADER = YES;
				CLANG_WARN_RANGE_LOOP_ANALYSIS = YES;
				CLANG_WARN_STRICT_PROTOTYPES = YES;
				CLANG_WARN_SUSPICIOUS_MOVE = YES;
				CLANG_WARN_UNGUARDED_AVAILABILITY = YES_AGGRESSIVE;
				CLANG_WARN_UNREACHABLE_CODE = YES;
				CLANG_WARN__DUPLICATE_METHOD_MATCH = YES;
				COPY_PHASE_STRIP = NO;
				DEBUG_INFORMATION_FORMAT = "dwarf-with-dsym";
				ENABLE_NS_ASSERTIONS = NO;
				ENABLE_STRICT_OBJC_MSGSEND = YES;
				ENABLE_USER_SCRIPT_SANDBOXING = NO;
				GCC_C_LANGUAGE_STANDARD = gnu17;
				GCC_NO_COMMON_BLOCKS = YES;
				GCC_WARN_64_TO_32_BIT_CONVERSION = YES;
				GCC_WARN_ABOUT_RETURN_TYPE = YES_ERROR;
				GCC_WARN_UNDECLARED_SELECTOR = YES;
				GCC_WARN_UNINITIALIZED_AUTOS = YES_AGGRESSIVE;
				GCC_WARN_UNUSED_FUNCTION = YES;
				GCC_WARN_UNUSED_VARIABLE = YES;
				IPHONEOS_DEPLOYMENT_TARGET = 18.0;
				LOCALIZATION_PREFERS_STRING_CATALOGS = YES;
				MTL_ENABLE_DEBUG_INFO = NO;
				MTL_FAST_MATH = YES;
				SDKROOT = iphoneos;
				SWIFT_COMPILATION_MODE = wholemodule;
				VALIDATE_PRODUCT = YES;
			};
			name = Release;
		};
		02A93F802CB6EA91005CACF0 /* Debug */ = {
			isa = XCBuildConfiguration;
			baseConfigurationReference = 5DC6C564B7E759A14BD4E1FC /* Pods-Rizz.debug.xcconfig */;
			buildSettings = {
				ASSETCATALOG_COMPILER_APPICON_NAME = AppIcon;
				ASSETCATALOG_COMPILER_GLOBAL_ACCENT_COLOR_NAME = AccentColor;
				CODE_SIGN_STYLE = Automatic;
				CURRENT_PROJECT_VERSION = 1;
				DEVELOPMENT_ASSET_PATHS = "\"Rizz/Preview Content\"";
				DEVELOPMENT_TEAM = F922GTGF8C;
				ENABLE_PREVIEWS = YES;
				GENERATE_INFOPLIST_FILE = YES;
				INFOPLIST_KEY_UIApplicationSceneManifest_Generation = YES;
				INFOPLIST_KEY_UIApplicationSupportsIndirectInputEvents = YES;
				INFOPLIST_KEY_UILaunchStoryboardName = LaunchScreen;
				INFOPLIST_KEY_UISupportedInterfaceOrientations = UIInterfaceOrientationPortrait;
				INFOPLIST_KEY_UISupportedInterfaceOrientations_iPad = "UIInterfaceOrientationLandscapeLeft UIInterfaceOrientationLandscapeRight UIInterfaceOrientationPortrait UIInterfaceOrientationPortraitUpsideDown";
				IPHONEOS_DEPLOYMENT_TARGET = 17.7;
				LD_RUNPATH_SEARCH_PATHS = (
					"$(inherited)",
					"@executable_path/Frameworks",
				);
				MARKETING_VERSION = 1.0;
				PRODUCT_BUNDLE_IDENTIFIER = gonzo.Rizz;
				PRODUCT_NAME = "$(TARGET_NAME)";
				SWIFT_EMIT_LOC_STRINGS = YES;
				SWIFT_VERSION = 5.0;
				TARGETED_DEVICE_FAMILY = "1,2";
			};
			name = Debug;
		};
		02A93F812CB6EA91005CACF0 /* Release */ = {
			isa = XCBuildConfiguration;
			baseConfigurationReference = 388C3ACE52ECF5ACB1FC9E4F /* Pods-Rizz.release.xcconfig */;
			buildSettings = {
				ASSETCATALOG_COMPILER_APPICON_NAME = AppIcon;
				ASSETCATALOG_COMPILER_GLOBAL_ACCENT_COLOR_NAME = AccentColor;
				CODE_SIGN_STYLE = Automatic;
				CURRENT_PROJECT_VERSION = 1;
				DEVELOPMENT_ASSET_PATHS = "\"Rizz/Preview Content\"";
				DEVELOPMENT_TEAM = F922GTGF8C;
				ENABLE_PREVIEWS = YES;
				GENERATE_INFOPLIST_FILE = YES;
				INFOPLIST_KEY_UIApplicationSceneManifest_Generation = YES;
				INFOPLIST_KEY_UIApplicationSupportsIndirectInputEvents = YES;
				INFOPLIST_KEY_UILaunchStoryboardName = LaunchScreen;
				INFOPLIST_KEY_UISupportedInterfaceOrientations = UIInterfaceOrientationPortrait;
				INFOPLIST_KEY_UISupportedInterfaceOrientations_iPad = "UIInterfaceOrientationLandscapeLeft UIInterfaceOrientationLandscapeRight UIInterfaceOrientationPortrait UIInterfaceOrientationPortraitUpsideDown";
				IPHONEOS_DEPLOYMENT_TARGET = 17.7;
				LD_RUNPATH_SEARCH_PATHS = (
					"$(inherited)",
					"@executable_path/Frameworks",
				);
				MARKETING_VERSION = 1.0;
				PRODUCT_BUNDLE_IDENTIFIER = gonzo.Rizz;
				PRODUCT_NAME = "$(TARGET_NAME)";
				SWIFT_EMIT_LOC_STRINGS = YES;
				SWIFT_VERSION = 5.0;
				TARGETED_DEVICE_FAMILY = "1,2";
			};
			name = Release;
		};
/* End XCBuildConfiguration section */

/* Begin XCConfigurationList section */
		02A93F6C2CB6EA8F005CACF0 /* Build configuration list for PBXProject "Rizz" */ = {
			isa = XCConfigurationList;
			buildConfigurations = (
				02A93F7D2CB6EA91005CACF0 /* Debug */,
				02A93F7E2CB6EA91005CACF0 /* Release */,
			);
			defaultConfigurationIsVisible = 0;
			defaultConfigurationName = Release;
		};
		02A93F7F2CB6EA91005CACF0 /* Build configuration list for PBXNativeTarget "Rizz" */ = {
			isa = XCConfigurationList;
			buildConfigurations = (
				02A93F802CB6EA91005CACF0 /* Debug */,
				02A93F812CB6EA91005CACF0 /* Release */,
			);
			defaultConfigurationIsVisible = 0;
			defaultConfigurationName = Release;
		};
/* End XCConfigurationList section */
	};
	rootObject = 02A93F692CB6EA8F005CACF0 /* Project object */;
}
